
Microsoft Visual Studio Solution File, Format Version 12.00
# Visual Studio Version 17
VisualStudioVersion = 17.12.35707.178 d17.12
MinimumVisualStudioVersion = 10.0.40219.1
Project("{FAE04EC0-301F-11D3-BF4B-00C04F79EFBC}") = "File_Handling", "File_Handling\File_Handling.csproj", "{75CD9B15-8BF3-4174-A2F7-EA4973EE47ED}"
EndProject
Global
	GlobalSection(SolutionConfigurationPlatforms) = preSolution
		Debug|Any CPU = Debug|Any CPU
		Release|Any CPU = Release|Any CPU
	EndGlobalSection
	GlobalSection(ProjectConfigurationPlatforms) = postSolution
		{75CD9B15-8BF3-4174-A2F7-EA4973EE47ED}.Debug|Any CPU.ActiveCfg = Debug|Any CPU
		{75CD9B15-8BF3-4174-A2F7-EA4973EE47ED}.Debug|Any CPU.Build.0 = Debug|Any CPU
		{75CD9B15-8BF3-4174-A2F7-EA4973EE47ED}.Release|Any CPU.ActiveCfg = Release|Any CPU
		{75CD9B15-8BF3-4174-A2F7-EA4973EE47ED}.Release|Any CPU.Build.0 = Release|Any CPU
	EndGlobalSection
	GlobalSection(SolutionProperties) = preSolution
		HideSolutionNode = FALSE
	EndGlobalSection
EndGlobal
