
Microsoft Visual Studio Solution File, Format Version 12.00
# Visual Studio Version 17
VisualStudioVersion = 17.12.35707.178 d17.12
MinimumVisualStudioVersion = 10.0.40219.1
Project("{FAE04EC0-301F-11D3-BF4B-00C04F79EFBC}") = "Palindrome_check", "Palindrome_check\Palindrome_check.csproj", "{42098F90-A72D-4E45-921F-2142238BBBDB}"
EndProject
Global
	GlobalSection(SolutionConfigurationPlatforms) = preSolution
		Debug|Any CPU = Debug|Any CPU
		Release|Any CPU = Release|Any CPU
	EndGlobalSection
	GlobalSection(ProjectConfigurationPlatforms) = postSolution
		{42098F90-A72D-4E45-921F-2142238BBBDB}.Debug|Any CPU.ActiveCfg = Debug|Any CPU
		{42098F90-A72D-4E45-921F-2142238BBBDB}.Debug|Any CPU.Build.0 = Debug|Any CPU
		{42098F90-A72D-4E45-921F-2142238BBBDB}.Release|Any CPU.ActiveCfg = Release|Any CPU
		{42098F90-A72D-4E45-921F-2142238BBBDB}.Release|Any CPU.Build.0 = Release|Any CPU
	EndGlobalSection
	GlobalSection(SolutionProperties) = preSolution
		HideSolutionNode = FALSE
	EndGlobalSection
EndGlobal
